
Microsoft Visual Studio Solution File, Format Version 12.00
# Visual Studio Version 17
VisualStudioVersion = 17.7.34018.315
MinimumVisualStudioVersion = 10.0.40219.1
Project("{FAE04EC0-301F-11D3-BF4B-00C04F79EFBC}") = "Licenta.API", "Licenta.API\Licenta.API.csproj", "{81B16FC1-795D-4EED-9F32-69FD40401E7E}"
EndProject
Project("{FAE04EC0-301F-11D3-BF4B-00C04F79EFBC}") = "Licenta.UI", "Licenta.UI\Licenta.UI.csproj", "{323C6159-00D6-4541-AF33-EE46C862F69C}"
EndProject
Project("{FAE04EC0-301F-11D3-BF4B-00C04F79EFBC}") = "Components.UI", "Components.UI\Components.UI.csproj", "{F380BC48-A4B0-49FD-A7A5-6D966FD1F93E}"
EndProject
Project("{FAE04EC0-301F-11D3-BF4B-00C04F79EFBC}") = "Licenta.DataAccessService", "Licenta.DataAccessService\Licenta.DataAccessService.csproj", "{A18EA2B1-1BA6-45D5-A7CF-5D4EAB25B3C1}"
EndProject
Project("{FAE04EC0-301F-11D3-BF4B-00C04F79EFBC}") = "Licenta.Runner", "Licenta.Runner\Licenta.Runner.csproj", "{6F8D6C37-6963-4C93-AB9A-61642235C437}"
EndProject
Project("{FAE04EC0-301F-11D3-BF4B-00C04F79EFBC}") = "Licenta.SDK", "Licenta.SDK\Licenta.SDK.csproj", "{AB6CDD39-6FE4-4DFE-AE12-7A8CCA985AB4}"
EndProject
Global
	GlobalSection(SolutionConfigurationPlatforms) = preSolution
		Debug|Any CPU = Debug|Any CPU
		Release|Any CPU = Release|Any CPU
	EndGlobalSection
	GlobalSection(ProjectConfigurationPlatforms) = postSolution
		{81B16FC1-795D-4EED-9F32-69FD40401E7E}.Debug|Any CPU.ActiveCfg = Debug|Any CPU
		{81B16FC1-795D-4EED-9F32-69FD40401E7E}.Debug|Any CPU.Build.0 = Debug|Any CPU
		{81B16FC1-795D-4EED-9F32-69FD40401E7E}.Release|Any CPU.ActiveCfg = Release|Any CPU
		{81B16FC1-795D-4EED-9F32-69FD40401E7E}.Release|Any CPU.Build.0 = Release|Any CPU
		{323C6159-00D6-4541-AF33-EE46C862F69C}.Debug|Any CPU.ActiveCfg = Debug|Any CPU
		{323C6159-00D6-4541-AF33-EE46C862F69C}.Debug|Any CPU.Build.0 = Debug|Any CPU
		{323C6159-00D6-4541-AF33-EE46C862F69C}.Release|Any CPU.ActiveCfg = Release|Any CPU
		{323C6159-00D6-4541-AF33-EE46C862F69C}.Release|Any CPU.Build.0 = Release|Any CPU
		{F380BC48-A4B0-49FD-A7A5-6D966FD1F93E}.Debug|Any CPU.ActiveCfg = Debug|Any CPU
		{F380BC48-A4B0-49FD-A7A5-6D966FD1F93E}.Debug|Any CPU.Build.0 = Debug|Any CPU
		{F380BC48-A4B0-49FD-A7A5-6D966FD1F93E}.Release|Any CPU.ActiveCfg = Release|Any CPU
		{F380BC48-A4B0-49FD-A7A5-6D966FD1F93E}.Release|Any CPU.Build.0 = Release|Any CPU
		{A18EA2B1-1BA6-45D5-A7CF-5D4EAB25B3C1}.Debug|Any CPU.ActiveCfg = Debug|Any CPU
		{A18EA2B1-1BA6-45D5-A7CF-5D4EAB25B3C1}.Debug|Any CPU.Build.0 = Debug|Any CPU
		{A18EA2B1-1BA6-45D5-A7CF-5D4EAB25B3C1}.Release|Any CPU.ActiveCfg = Release|Any CPU
		{A18EA2B1-1BA6-45D5-A7CF-5D4EAB25B3C1}.Release|Any CPU.Build.0 = Release|Any CPU
		{6F8D6C37-6963-4C93-AB9A-61642235C437}.Debug|Any CPU.ActiveCfg = Debug|Any CPU
		{6F8D6C37-6963-4C93-AB9A-61642235C437}.Debug|Any CPU.Build.0 = Debug|Any CPU
		{6F8D6C37-6963-4C93-AB9A-61642235C437}.Release|Any CPU.ActiveCfg = Release|Any CPU
		{6F8D6C37-6963-4C93-AB9A-61642235C437}.Release|Any CPU.Build.0 = Release|Any CPU
		{AB6CDD39-6FE4-4DFE-AE12-7A8CCA985AB4}.Debug|Any CPU.ActiveCfg = Debug|Any CPU
		{AB6CDD39-6FE4-4DFE-AE12-7A8CCA985AB4}.Debug|Any CPU.Build.0 = Debug|Any CPU
		{AB6CDD39-6FE4-4DFE-AE12-7A8CCA985AB4}.Release|Any CPU.ActiveCfg = Release|Any CPU
		{AB6CDD39-6FE4-4DFE-AE12-7A8CCA985AB4}.Release|Any CPU.Build.0 = Release|Any CPU
	EndGlobalSection
	GlobalSection(SolutionProperties) = preSolution
		HideSolutionNode = FALSE
	EndGlobalSection
	GlobalSection(ExtensibilityGlobals) = postSolution
		SolutionGuid = {73AED075-5935-4641-942D-3C77A929C2DA}
	EndGlobalSection
EndGlobal
